
Microsoft Visual Studio Solution File, Format Version 12.00
# Visual Studio 15
VisualStudioVersion = 15.0.28010.2016
MinimumVisualStudioVersion = 10.0.40219.1
Project("{FAE04EC0-301F-11D3-BF4B-00C04F79EFBC}") = "WebApplication2", "WebApplication2\WebApplication2.csproj", "{AA556F7C-237D-42FB-B841-48EBC464CDAF}"
EndProject
Global
	GlobalSection(SolutionConfigurationPlatforms) = preSolution
		Debug|Any CPU = Debug|Any CPU
		Release|Any CPU = Release|Any CPU
	EndGlobalSection
	GlobalSection(ProjectConfigurationPlatforms) = postSolution
		{AA556F7C-237D-42FB-B841-48EBC464CDAF}.Debug|Any CPU.ActiveCfg = Debug|Any CPU
		{AA556F7C-237D-42FB-B841-48EBC464CDAF}.Debug|Any CPU.Build.0 = Debug|Any CPU
		{AA556F7C-237D-42FB-B841-48EBC464CDAF}.Release|Any CPU.ActiveCfg = Release|Any CPU
		{AA556F7C-237D-42FB-B841-48EBC464CDAF}.Release|Any CPU.Build.0 = Release|Any CPU
	EndGlobalSection
	GlobalSection(SolutionProperties) = preSolution
		HideSolutionNode = FALSE
	EndGlobalSection
	GlobalSection(ExtensibilityGlobals) = postSolution
		SolutionGuid = {CFD298CB-2D01-42A9-A38F-71AF6CCB6016}
	EndGlobalSection
EndGlobal
